
Microsoft Visual Studio Solution File, Format Version 12.00
# Visual Studio 15
VisualStudioVersion = 15.0.28307.438
MinimumVisualStudioVersion = 10.0.40219.1
Project("{8BC9CEB8-8B4A-11D0-8D11-00A0C91BC942}") = "Abalone", "Abalone\Abalone.vcxproj", "{5CEE62C7-82D3-4BA7-B3CB-A8903EA76628}"
EndProject
Global
	GlobalSection(SolutionConfigurationPlatforms) = preSolution
		Debug|x64 = Debug|x64
		Debug|x86 = Debug|x86
		Release|x64 = Release|x64
		Release|x86 = Release|x86
	EndGlobalSection
	GlobalSection(ProjectConfigurationPlatforms) = postSolution
		{5CEE62C7-82D3-4BA7-B3CB-A8903EA76628}.Debug|x64.ActiveCfg = Debug|x64
		{5CEE62C7-82D3-4BA7-B3CB-A8903EA76628}.Debug|x64.Build.0 = Debug|x64
		{5CEE62C7-82D3-4BA7-B3CB-A8903EA76628}.Debug|x86.ActiveCfg = Debug|Win32
		{5CEE62C7-82D3-4BA7-B3CB-A8903EA76628}.Debug|x86.Build.0 = Debug|Win32
		{5CEE62C7-82D3-4BA7-B3CB-A8903EA76628}.Release|x64.ActiveCfg = Release|x64
		{5CEE62C7-82D3-4BA7-B3CB-A8903EA76628}.Release|x64.Build.0 = Release|x64
		{5CEE62C7-82D3-4BA7-B3CB-A8903EA76628}.Release|x86.ActiveCfg = Release|Win32
		{5CEE62C7-82D3-4BA7-B3CB-A8903EA76628}.Release|x86.Build.0 = Release|Win32
	EndGlobalSection
	GlobalSection(SolutionProperties) = preSolution
		HideSolutionNode = FALSE
	EndGlobalSection
	GlobalSection(ExtensibilityGlobals) = postSolution
		SolutionGuid = {5E25983D-D1B4-4B59-86D3-DA688A1B1C96}
	EndGlobalSection
EndGlobal
