<?xml version="1.0" encoding="utf-8"?>
<Project ToolsVersion="4.0" xmlns="http://schemas.microsoft.com/developer/msbuild/2003">
  <ItemGroup>
    <Filter Include="Source Files">
      <UniqueIdentifier>{4FC737F1-C7A5-4376-A066-2A32D752A2FF}</UniqueIdentifier>
      <Extensions>cpp;c;cc;cxx;def;odl;idl;hpj;bat;asm;asmx</Extensions>
    </Filter>
    <Filter Include="Header Files">
      <UniqueIdentifier>{93995380-89BD-4b04-88EB-625FBE52EBFB}</UniqueIdentifier>
      <Extensions>h;hh;hpp;hxx;hm;inl;inc;ipp;xsd</Extensions>
    </Filter>
    <Filter Include="Resource Files">
      <UniqueIdentifier>{67DA6AB6-F800-4c08-8B7A-83BB121AAD01}</UniqueIdentifier>
      <Extensions>rc;ico;cur;bmp;dlg;rc2;rct;bin;rgs;gif;jpg;jpeg;jpe;resx;tiff;tif;png;wav;mfcribbon-ms</Extensions>
    </Filter>
    <Filter Include="Source Files\Model">
      <UniqueIdentifier>{e5216eaa-6583-496b-a577-210c2c7acf15}</UniqueIdentifier>
    </Filter>
    <Filter Include="Header Files\Model">
      <UniqueIdentifier>{0b1fe357-cd85-4403-a03a-75659ff0331e}</UniqueIdentifier>
    </Filter>
    <Filter Include="Header Files\Service">
      <UniqueIdentifier>{07bdf153-675f-4d41-ac5f-82dcc99edd0d}</UniqueIdentifier>
    </Filter>
    <Filter Include="Header Files\Interface">
      <UniqueIdentifier>{fe7260bf-f5ef-430e-8159-510d94f1ed05}</UniqueIdentifier>
    </Filter>
    <Filter Include="Source Files\Interface">
      <UniqueIdentifier>{88574c2e-7497-46c8-91e7-827049d5fe19}</UniqueIdentifier>
    </Filter>
    <Filter Include="Source Files\Service">
      <UniqueIdentifier>{5766862a-110a-424a-ba2a-c17c2c80a899}</UniqueIdentifier>
    </Filter>
  </ItemGroup>
  <ItemGroup>
    <ClCompile Include="Main.cpp">
      <Filter>Source Files</Filter>
    </ClCompile>
    <ClCompile Include="resourceManager.cpp">
      <Filter>Source Files\Service</Filter>
    </ClCompile>
    <ClCompile Include="button.cpp">
      <Filter>Source Files\Model</Filter>
    </ClCompile>
    <ClCompile Include="gui.cpp">
      <Filter>Source Files</Filter>
    </ClCompile>
    <ClCompile Include="game.cpp">
      <Filter>Source Files\Model</Filter>
    </ClCompile>
    <ClCompile Include="board.cpp">
      <Filter>Source Files\Model</Filter>
    </ClCompile>
    <ClCompile Include="slot.cpp">
      <Filter>Source Files\Model</Filter>
    </ClCompile>
    <ClCompile Include="IClickable.cpp">
      <Filter>Source Files\Interface</Filter>
    </ClCompile>
    <ClCompile Include="logic.cpp">
      <Filter>Source Files\Service</Filter>
    </ClCompile>
    <ClCompile Include="testcaseManager.cpp">
      <Filter>Source Files\Service</Filter>
    </ClCompile>
    <ClCompile Include="editText.cpp">
      <Filter>Source Files\Model</Filter>
    </ClCompile>
    <ClCompile Include="textbox.cpp">
      <Filter>Source Files\Model</Filter>
    </ClCompile>
  </ItemGroup>
  <ItemGroup>
    <ClInclude Include="gui.h">
      <Filter>Header Files</Filter>
    </ClInclude>
    <ClInclude Include="resourceManager.h">
      <Filter>Header Files\Service</Filter>
    </ClInclude>
    <ClInclude Include="board.h">
      <Filter>Header Files\Model</Filter>
    </ClInclude>
    <ClInclude Include="button.h">
      <Filter>Header Files\Model</Filter>
    </ClInclude>
    <ClInclude Include="game.h">
      <Filter>Header Files\Model</Filter>
    </ClInclude>
    <ClInclude Include="slot.h">
      <Filter>Header Files\Model</Filter>
    </ClInclude>
    <ClInclude Include="IClickable.h">
      <Filter>Header Files\Interface</Filter>
    </ClInclude>
    <ClInclude Include="IShowable.h">
      <Filter>Header Files\Interface</Filter>
    </ClInclude>
    <ClInclude Include="logic.h">
      <Filter>Header Files\Service</Filter>
    </ClInclude>
    <ClInclude Include="testcaseManager.h">
      <Filter>Header Files\Service</Filter>
    </ClInclude>
    <ClInclude Include="ITypeable.h">
      <Filter>Header Files\Interface</Filter>
    </ClInclude>
    <ClInclude Include="editText.h">
      <Filter>Header Files\Model</Filter>
    </ClInclude>
    <ClInclude Include="textbox.h">
      <Filter>Header Files\Model</Filter>
    </ClInclude>
  </ItemGroup>
</Project>